
Microsoft Visual Studio Solution File, Format Version 12.00
# Visual Studio 15
VisualStudioVersion = 15.0.26430.16
MinimumVisualStudioVersion = 10.0.40219.1
Project("{FAE04EC0-301F-11D3-BF4B-00C04F79EFBC}") = "HandleResponsePractice", "src\HandleResponsePractice\HandleResponsePractice.csproj", "{B2B3ADA7-3EFC-466F-BEDB-6D02AFA74052}"
EndProject
Project("{FAE04EC0-301F-11D3-BF4B-00C04F79EFBC}") = "SampleWebApi", "src\SampleWebApi\SampleWebApi.csproj", "{B0626AF3-A99C-45F6-B2F3-320A3211849C}"
EndProject
Global
	GlobalSection(SolutionConfigurationPlatforms) = preSolution
		Debug|Any CPU = Debug|Any CPU
		Release|Any CPU = Release|Any CPU
	EndGlobalSection
	GlobalSection(ProjectConfigurationPlatforms) = postSolution
		{B2B3ADA7-3EFC-466F-BEDB-6D02AFA74052}.Debug|Any CPU.ActiveCfg = Debug|Any CPU
		{B2B3ADA7-3EFC-466F-BEDB-6D02AFA74052}.Debug|Any CPU.Build.0 = Debug|Any CPU
		{B2B3ADA7-3EFC-466F-BEDB-6D02AFA74052}.Release|Any CPU.ActiveCfg = Release|Any CPU
		{B2B3ADA7-3EFC-466F-BEDB-6D02AFA74052}.Release|Any CPU.Build.0 = Release|Any CPU
		{B0626AF3-A99C-45F6-B2F3-320A3211849C}.Debug|Any CPU.ActiveCfg = Debug|Any CPU
		{B0626AF3-A99C-45F6-B2F3-320A3211849C}.Debug|Any CPU.Build.0 = Debug|Any CPU
		{B0626AF3-A99C-45F6-B2F3-320A3211849C}.Release|Any CPU.ActiveCfg = Release|Any CPU
		{B0626AF3-A99C-45F6-B2F3-320A3211849C}.Release|Any CPU.Build.0 = Release|Any CPU
	EndGlobalSection
	GlobalSection(SolutionProperties) = preSolution
		HideSolutionNode = FALSE
	EndGlobalSection
EndGlobal
